
Microsoft Visual Studio Solution File, Format Version 12.00
# Visual Studio Version 17
VisualStudioVersion = 17.14.36301.6 d17.14
MinimumVisualStudioVersion = 10.0.40219.1
Project("{FAE04EC0-301F-11D3-BF4B-00C04F79EFBC}") = "Win32Menu", "Win32Menu\Win32Menu.csproj", "{7DF7796C-622F-49AC-8A42-3A27C08C6D9B}"
EndProject
Project("{FAE04EC0-301F-11D3-BF4B-00C04F79EFBC}") = "Win32MenuWinFormsDemo", "Win32MenuWinFormsDemo\Win32MenuWinFormsDemo.csproj", "{DD273C29-D377-45FA-A657-B366AB665F18}"
EndProject
Project("{FAE04EC0-301F-11D3-BF4B-00C04F79EFBC}") = "Win32MenuWpfDemo", "Win32MenuWpfDemo\Win32MenuWpfDemo.csproj", "{52FF26C7-7DB4-4DEA-9795-E1C3F84DA25C}"
EndProject
Global
	GlobalSection(SolutionConfigurationPlatforms) = preSolution
		Debug|Any CPU = Debug|Any CPU
		Release|Any CPU = Release|Any CPU
	EndGlobalSection
	GlobalSection(ProjectConfigurationPlatforms) = postSolution
		{7DF7796C-622F-49AC-8A42-3A27C08C6D9B}.Debug|Any CPU.ActiveCfg = Debug|Any CPU
		{7DF7796C-622F-49AC-8A42-3A27C08C6D9B}.Debug|Any CPU.Build.0 = Debug|Any CPU
		{7DF7796C-622F-49AC-8A42-3A27C08C6D9B}.Release|Any CPU.ActiveCfg = Release|Any CPU
		{7DF7796C-622F-49AC-8A42-3A27C08C6D9B}.Release|Any CPU.Build.0 = Release|Any CPU
		{DD273C29-D377-45FA-A657-B366AB665F18}.Debug|Any CPU.ActiveCfg = Debug|Any CPU
		{DD273C29-D377-45FA-A657-B366AB665F18}.Debug|Any CPU.Build.0 = Debug|Any CPU
		{DD273C29-D377-45FA-A657-B366AB665F18}.Release|Any CPU.ActiveCfg = Release|Any CPU
		{DD273C29-D377-45FA-A657-B366AB665F18}.Release|Any CPU.Build.0 = Release|Any CPU
		{52FF26C7-7DB4-4DEA-9795-E1C3F84DA25C}.Debug|Any CPU.ActiveCfg = Debug|Any CPU
		{52FF26C7-7DB4-4DEA-9795-E1C3F84DA25C}.Debug|Any CPU.Build.0 = Debug|Any CPU
		{52FF26C7-7DB4-4DEA-9795-E1C3F84DA25C}.Release|Any CPU.ActiveCfg = Release|Any CPU
		{52FF26C7-7DB4-4DEA-9795-E1C3F84DA25C}.Release|Any CPU.Build.0 = Release|Any CPU
	EndGlobalSection
	GlobalSection(SolutionProperties) = preSolution
		HideSolutionNode = FALSE
	EndGlobalSection
	GlobalSection(ExtensibilityGlobals) = postSolution
		SolutionGuid = {4B2AC18E-1C6C-479B-AE26-4AD9C6424575}
	EndGlobalSection
EndGlobal
